PODS:
  - AmrVoiceConverter (0.1.0)
  - "UIView+FrameEx (0.0.1)"

DEPENDENCIES:
  - AmrVoiceConverter
  - "UIView+FrameEx"

SPEC REPOS:
  https://github.com/cocoapods/specs.git:
    - AmrVoiceConverter
    - "UIView+FrameEx"

SPEC CHECKSUMS:
  AmrVoiceConverter: e1584b0c14e29212260af308125696e8024db758
  "UIView+FrameEx": ab0c53e158ef0621d7b0b0a26626e175ac17e471

PODFILE CHECKSUM: 52d50c86620818c098e061a2ec2ff9ba4308870b

COCOAPODS: 1.5.3
